
Microsoft Visual Studio Solution File, Format Version 12.00
# Visual Studio Version 16
VisualStudioVersion = 16.0.30611.23
MinimumVisualStudioVersion = 10.0.40219.1
Project("{9A19103F-16F7-4668-BE54-9A1E7A4F7556}") = "NumbersFinal", "NumbersFinal\NumbersFinal.csproj", "{FCF6232F-B1AD-4F30-B50C-10E70B0DA7A7}"
EndProject
Global
	GlobalSection(SolutionConfigurationPlatforms) = preSolution
		Debug|Any CPU = Debug|Any CPU
		Release|Any CPU = Release|Any CPU
	EndGlobalSection
	GlobalSection(ProjectConfigurationPlatforms) = postSolution
		{FCF6232F-B1AD-4F30-B50C-10E70B0DA7A7}.Debug|Any CPU.ActiveCfg = Debug|Any CPU
		{FCF6232F-B1AD-4F30-B50C-10E70B0DA7A7}.Debug|Any CPU.Build.0 = Debug|Any CPU
		{FCF6232F-B1AD-4F30-B50C-10E70B0DA7A7}.Release|Any CPU.ActiveCfg = Release|Any CPU
		{FCF6232F-B1AD-4F30-B50C-10E70B0DA7A7}.Release|Any CPU.Build.0 = Release|Any CPU
	EndGlobalSection
	GlobalSection(SolutionProperties) = preSolution
		HideSolutionNode = FALSE
	EndGlobalSection
	GlobalSection(ExtensibilityGlobals) = postSolution
		SolutionGuid = {EB958B83-247A-49BD-9DBC-A56DA301AF2A}
	EndGlobalSection
EndGlobal
